
Microsoft Visual Studio Solution File, Format Version 12.00
# Visual Studio Version 17
VisualStudioVersion = 17.10.34916.146
MinimumVisualStudioVersion = 10.0.40219.1
Project("{FAE04EC0-301F-11D3-BF4B-00C04F79EFBC}") = "DuAn1Lion", "DuAn1Lion\DuAn1Lion.csproj", "{C3E2F1E2-81BE-4E2F-8C49-1327598F2997}"
EndProject
Global
	GlobalSection(SolutionConfigurationPlatforms) = preSolution
		Debug|Any CPU = Debug|Any CPU
		Release|Any CPU = Release|Any CPU
	EndGlobalSection
	GlobalSection(ProjectConfigurationPlatforms) = postSolution
		{C3E2F1E2-81BE-4E2F-8C49-1327598F2997}.Debug|Any CPU.ActiveCfg = Debug|Any CPU
		{C3E2F1E2-81BE-4E2F-8C49-1327598F2997}.Debug|Any CPU.Build.0 = Debug|Any CPU
		{C3E2F1E2-81BE-4E2F-8C49-1327598F2997}.Release|Any CPU.ActiveCfg = Release|Any CPU
		{C3E2F1E2-81BE-4E2F-8C49-1327598F2997}.Release|Any CPU.Build.0 = Release|Any CPU
	EndGlobalSection
	GlobalSection(SolutionProperties) = preSolution
		HideSolutionNode = FALSE
	EndGlobalSection
	GlobalSection(ExtensibilityGlobals) = postSolution
		SolutionGuid = {E793EC45-E09D-420E-AF71-5204F8F8BBC8}
	EndGlobalSection
EndGlobal
